// !$*UTF8*$!
{
	archiveVersion = 1;
	classes = {
	};
	objectVersion = 46;
	objects = {

/* Begin PBXBuildFile section */
		B7A953821C87769C00B524F1 /* AppDelegate.swift in Sources */ = {isa = PBXBuildFile; fileRef = B7A953811C87769C00B524F1 /* AppDelegate.swift */; };
		B7A953841C87769C00B524F1 /* ViewController.swift in Sources */ = {isa = PBXBuildFile; fileRef = B7A953831C87769C00B524F1 /* ViewController.swift */; };
		B7A953871C87769C00B524F1 /* Main.storyboard in Resources */ = {isa = PBXBuildFile; fileRef = B7A953851C87769C00B524F1 /* Main.storyboard */; };
		B7A953891C87769C00B524F1 /* Assets.xcassets in Resources */ = {isa = PBXBuildFile; fileRef = B7A953881C87769C00B524F1 /* Assets.xcassets */; };
		B7A9538C1C87769C00B524F1 /* LaunchScreen.storyboard in Resources */ = {isa = PBXBuildFile; fileRef = B7A9538A1C87769C00B524F1 /* LaunchScreen.storyboard */; };
		B7A953971C87769D00B524F1 /* TrackerRouteTests.swift in Sources */ = {isa = PBXBuildFile; fileRef = B7A953961C87769D00B524F1 /* TrackerRouteTests.swift */; };
		B7A953A21C87769D00B524F1 /* TrackerRouteUITests.swift in Sources */ = {isa = PBXBuildFile; fileRef = B7A953A11C87769D00B524F1 /* TrackerRouteUITests.swift */; };
		B7A953B21C877CAD00B524F1 /* MapForPlacesViewController.swift in Sources */ = {isa = PBXBuildFile; fileRef = B7A953B11C877CAD00B524F1 /* MapForPlacesViewController.swift */; };
		B7A953B41C878C6000B524F1 /* CoreLocation.framework in Frameworks */ = {isa = PBXBuildFile; fileRef = B7A953B31C878C6000B524F1 /* CoreLocation.framework */; };
		B7A953B61C878C6800B524F1 /* MapKit.framework in Frameworks */ = {isa = PBXBuildFile; fileRef = B7A953B51C878C6800B524F1 /* MapKit.framework */; };
		B7A953B81C88AB6800B524F1 /* ConductoresViewController.swift in Sources */ = {isa = PBXBuildFile; fileRef = B7A953B71C88AB6800B524F1 /* ConductoresViewController.swift */; };
/* End PBXBuildFile section */

/* Begin PBXContainerItemProxy section */
		B7A953931C87769D00B524F1 /* PBXContainerItemProxy */ = {
			isa = PBXContainerItemProxy;
			containerPortal = B7A953761C87769C00B524F1 /* Project object */;
			proxyType = 1;
			remoteGlobalIDString = B7A9537D1C87769C00B524F1;
			remoteInfo = TrackerRoute;
		};
		B7A9539E1C87769D00B524F1 /* PBXContainerItemProxy */ = {
			isa = PBXContainerItemProxy;
			containerPortal = B7A953761C87769C00B524F1 /* Project object */;
			proxyType = 1;
			remoteGlobalIDString = B7A9537D1C87769C00B524F1;
			remoteInfo = TrackerRoute;
		};
/* End PBXContainerItemProxy section */

/* Begin PBXFileReference section */
		B7A9537E1C87769C00B524F1 /* TrackerRoute.app */ = {isa = PBXFileReference; explicitFileType = wrapper.application; includeInIndex = 0; path = TrackerRoute.app; sourceTree = BUILT_PRODUCTS_DIR; };
		B7A953811C87769C00B524F1 /* AppDelegate.swift */ = {isa = PBXFileReference; lastKnownFileType = sourcecode.swift; path = AppDelegate.swift; sourceTree = "<group>"; };
		B7A953831C87769C00B524F1 /* ViewController.swift */ = {isa = PBXFileReference; lastKnownFileType = sourcecode.swift; path = ViewController.swift; sourceTree = "<group>"; };
		B7A953861C87769C00B524F1 /* Base */ = {isa = PBXFileReference; lastKnownFileType = file.storyboard; name = Base; path = Base.lproj/Main.storyboard; sourceTree = "<group>"; };
		B7A953881C87769C00B524F1 /* Assets.xcassets */ = {isa = PBXFileReference; lastKnownFileType = folder.assetcatalog; path = Assets.xcassets; sourceTree = "<group>"; };
		B7A9538B1C87769C00B524F1 /* Base */ = {isa = PBXFileReference; lastKnownFileType = file.storyboard; name = Base; path = Base.lproj/LaunchScreen.storyboard; sourceTree = "<group>"; };
		B7A9538D1C87769D00B524F1 /* Info.plist */ = {isa = PBXFileReference; lastKnownFileType = text.plist.xml; path = Info.plist; sourceTree = "<group>"; };
		B7A953921C87769D00B524F1 /* TrackerRouteTests.xctest */ = {isa = PBXFileReference; explicitFileType = wrapper.cfbundle; includeInIndex = 0; path = TrackerRouteTests.xctest; sourceTree = BUILT_PRODUCTS_DIR; };
		B7A953961C87769D00B524F1 /* TrackerRouteTests.swift */ = {isa = PBXFileReference; lastKnownFileType = sourcecode.swift; path = TrackerRouteTests.swift; sourceTree = "<group>"; };
		B7A953981C87769D00B524F1 /* Info.plist */ = {isa = PBXFileReference; lastKnownFileType = text.plist.xml; path = Info.plist; sourceTree = "<group>"; };
		B7A9539D1C87769D00B524F1 /* TrackerRouteUITests.xctest */ = {isa = PBXFileReference; explicitFileType = wrapper.cfbundle; includeInIndex = 0; path = TrackerRouteUITests.xctest; sourceTree = BUILT_PRODUCTS_DIR; };
		B7A953A11C87769D00B524F1 /* TrackerRouteUITests.swift */ = {isa = PBXFileReference; lastKnownFileType = sourcecode.swift; path = TrackerRouteUITests.swift; sourceTree = "<group>"; };
		B7A953A31C87769D00B524F1 /* Info.plist */ = {isa = PBXFileReference; lastKnownFileType = text.plist.xml; path = Info.plist; sourceTree = "<group>"; };
		B7A953B11C877CAD00B524F1 /* MapForPlacesViewController.swift */ = {isa = PBXFileReference; fileEncoding = 4; lastKnownFileType = sourcecode.swift; path = MapForPlacesViewController.swift; sourceTree = "<group>"; };
		B7A953B31C878C6000B524F1 /* CoreLocation.framework */ = {isa = PBXFileReference; lastKnownFileType = wrapper.framework; name = CoreLocation.framework; path = System/Library/Frameworks/CoreLocation.framework; sourceTree = SDKROOT; };
		B7A953B51C878C6800B524F1 /* MapKit.framework */ = {isa = PBXFileReference; lastKnownFileType = wrapper.framework; name = MapKit.framework; path = System/Library/Frameworks/MapKit.framework; sourceTree = SDKROOT; };
		B7A953B71C88AB6800B524F1 /* ConductoresViewController.swift */ = {isa = PBXFileReference; fileEncoding = 4; lastKnownFileType = sourcecode.swift; path = ConductoresViewController.swift; sourceTree = "<group>"; };
/* End PBXFileReference section */

/* Begin PBXFrameworksBuildPhase section */
		B7A9537B1C87769C00B524F1 /* Frameworks */ = {
			isa = PBXFrameworksBuildPhase;
			buildActionMask = 2147483647;
			files = (
				B7A953B61C878C6800B524F1 /* MapKit.framework in Frameworks */,
				B7A953B41C878C6000B524F1 /* CoreLocation.framework in Frameworks */,
			);
			runOnlyForDeploymentPostprocessing = 0;
		};
		B7A9538F1C87769D00B524F1 /* Frameworks */ = {
			isa = PBXFrameworksBuildPhase;
			buildActionMask = 2147483647;
			files = (
			);
			runOnlyForDeploymentPostprocessing = 0;
		};
		B7A9539A1C87769D00B524F1 /* Frameworks */ = {
			isa = PBXFrameworksBuildPhase;
			buildActionMask = 2147483647;
			files = (
			);
			runOnlyForDeploymentPostprocessing = 0;
		};
/* End PBXFrameworksBuildPhase section */

/* Begin PBXGroup section */
		B7A953751C87769C00B524F1 = {
			isa = PBXGroup;
			children = (
				B7A953B51C878C6800B524F1 /* MapKit.framework */,
				B7A953B31C878C6000B524F1 /* CoreLocation.framework */,
				B7A953801C87769C00B524F1 /* TrackerRoute */,
				B7A953951C87769D00B524F1 /* TrackerRouteTests */,
				B7A953A01C87769D00B524F1 /* TrackerRouteUITests */,
				B7A9537F1C87769C00B524F1 /* Products */,
			);
			sourceTree = "<group>";
		};
		B7A9537F1C87769C00B524F1 /* Products */ = {
			isa = PBXGroup;
			children = (
				B7A9537E1C87769C00B524F1 /* TrackerRoute.app */,
				B7A953921C87769D00B524F1 /* TrackerRouteTests.xctest */,
				B7A9539D1C87769D00B524F1 /* TrackerRouteUITests.xctest */,
			);
			name = Products;
			sourceTree = "<group>";
		};
		B7A953801C87769C00B524F1 /* TrackerRoute */ = {
			isa = PBXGroup;
			children = (
				B7A953811C87769C00B524F1 /* AppDelegate.swift */,
				B7A953831C87769C00B524F1 /* ViewController.swift */,
				B7A953851C87769C00B524F1 /* Main.storyboard */,
				B7A953B71C88AB6800B524F1 /* ConductoresViewController.swift */,
				B7A953B11C877CAD00B524F1 /* MapForPlacesViewController.swift */,
				B7A953881C87769C00B524F1 /* Assets.xcassets */,
				B7A9538A1C87769C00B524F1 /* LaunchScreen.storyboard */,
				B7A9538D1C87769D00B524F1 /* Info.plist */,
			);
			path = TrackerRoute;
			sourceTree = "<group>";
		};
		B7A953951C87769D00B524F1 /* TrackerRouteTests */ = {
			isa = PBXGroup;
			children = (
				B7A953961C87769D00B524F1 /* TrackerRouteTests.swift */,
				B7A953981C87769D00B524F1 /* Info.plist */,
			);
			path = TrackerRouteTests;
			sourceTree = "<group>";
		};
		B7A953A01C87769D00B524F1 /* TrackerRouteUITests */ = {
			isa = PBXGroup;
			children = (
				B7A953A11C87769D00B524F1 /* TrackerRouteUITests.swift */,
				B7A953A31C87769D00B524F1 /* Info.plist */,
			);
			path = TrackerRouteUITests;
			sourceTree = "<group>";
		};
/* End PBXGroup section */

/* Begin PBXNativeTarget section */
		B7A9537D1C87769C00B524F1 /* TrackerRoute */ = {
			isa = PBXNativeTarget;
			buildConfigurationList = B7A953A61C87769D00B524F1 /* Build configuration list for PBXNativeTarget "TrackerRoute" */;
			buildPhases = (
				B7A9537A1C87769C00B524F1 /* Sources */,
				B7A9537B1C87769C00B524F1 /* Frameworks */,
				B7A9537C1C87769C00B524F1 /* Resources */,
			);
			buildRules = (
			);
			dependencies = (
			);
			name = TrackerRoute;
			productName = TrackerRoute;
			productReference = B7A9537E1C87769C00B524F1 /* TrackerRoute.app */;
			productType = "com.apple.product-type.application";
		};
		B7A953911C87769D00B524F1 /* TrackerRouteTests */ = {
			isa = PBXNativeTarget;
			buildConfigurationList = B7A953A91C87769D00B524F1 /* Build configuration list for PBXNativeTarget "TrackerRouteTests" */;
			buildPhases = (
				B7A9538E1C87769D00B524F1 /* Sources */,
				B7A9538F1C87769D00B524F1 /* Frameworks */,
				B7A953901C87769D00B524F1 /* Resources */,
			);
			buildRules = (
			);
			dependencies = (
				B7A953941C87769D00B524F1 /* PBXTargetDependency */,
			);
			name = TrackerRouteTests;
			productName = TrackerRouteTests;
			productReference = B7A953921C87769D00B524F1 /* TrackerRouteTests.xctest */;
			productType = "com.apple.product-type.bundle.unit-test";
		};
		B7A9539C1C87769D00B524F1 /* TrackerRouteUITests */ = {
			isa = PBXNativeTarget;
			buildConfigurationList = B7A953AC1C87769D00B524F1 /* Build configuration list for PBXNativeTarget "TrackerRouteUITests" */;
			buildPhases = (
				B7A953991C87769D00B524F1 /* Sources */,
				B7A9539A1C87769D00B524F1 /* Frameworks */,
				B7A9539B1C87769D00B524F1 /* Resources */,
			);
			buildRules = (
			);
			dependencies = (
				B7A9539F1C87769D00B524F1 /* PBXTargetDependency */,
			);
			name = TrackerRouteUITests;
			productName = TrackerRouteUITests;
			productReference = B7A9539D1C87769D00B524F1 /* TrackerRouteUITests.xctest */;
			productType = "com.apple.product-type.bundle.ui-testing";
		};
/* End PBXNativeTarget section */

/* Begin PBXProject section */
		B7A953761C87769C00B524F1 /* Project object */ = {
			isa = PBXProject;
			attributes = {
				LastSwiftUpdateCheck = 0720;
				LastUpgradeCheck = 0720;
				ORGANIZATIONNAME = "pedro alonso";
				TargetAttributes = {
					B7A9537D1C87769C00B524F1 = {
						CreatedOnToolsVersion = 7.2.1;
						DevelopmentTeam = 83H2UD8L4C;
					};
					B7A953911C87769D00B524F1 = {
						CreatedOnToolsVersion = 7.2.1;
						TestTargetID = B7A9537D1C87769C00B524F1;
					};
					B7A9539C1C87769D00B524F1 = {
						CreatedOnToolsVersion = 7.2.1;
						TestTargetID = B7A9537D1C87769C00B524F1;
					};
				};
			};
			buildConfigurationList = B7A953791C87769C00B524F1 /* Build configuration list for PBXProject "TrackerRoute" */;
			compatibilityVersion = "Xcode 3.2";
			developmentRegion = English;
			hasScannedForEncodings = 0;
			knownRegions = (
				en,
				Base,
			);
			mainGroup = B7A953751C87769C00B524F1;
			productRefGroup = B7A9537F1C87769C00B524F1 /* Products */;
			projectDirPath = "";
			projectRoot = "";
			targets = (
				B7A9537D1C87769C00B524F1 /* TrackerRoute */,
				B7A953911C87769D00B524F1 /* TrackerRouteTests */,
				B7A9539C1C87769D00B524F1 /* TrackerRouteUITests */,
			);
		};
/* End PBXProject section */

/* Begin PBXResourcesBuildPhase section */
		B7A9537C1C87769C00B524F1 /* Resources */ = {
			isa = PBXResourcesBuildPhase;
			buildActionMask = 2147483647;
			files = (
				B7A9538C1C87769C00B524F1 /* LaunchScreen.storyboard in Resources */,
				B7A953891C87769C00B524F1 /* Assets.xcassets in Resources */,
				B7A953871C87769C00B524F1 /* Main.storyboard in Resources */,
			);
			runOnlyForDeploymentPostprocessing = 0;
		};
		B7A953901C87769D00B524F1 /* Resources */ = {
			isa = PBXResourcesBuildPhase;
			buildActionMask = 2147483647;
			files = (
			);
			runOnlyForDeploymentPostprocessing = 0;
		};
		B7A9539B1C87769D00B524F1 /* Resources */ = {
			isa = PBXResourcesBuildPhase;
			buildActionMask = 2147483647;
			files = (
			);
			runOnlyForDeploymentPostprocessing = 0;
		};
/* End PBXResourcesBuildPhase section */

/* Begin PBXSourcesBuildPhase section */
		B7A9537A1C87769C00B524F1 /* Sources */ = {
			isa = PBXSourcesBuildPhase;
			buildActionMask = 2147483647;
			files = (
				B7A953B21C877CAD00B524F1 /* MapForPlacesViewController.swift in Sources */,
				B7A953841C87769C00B524F1 /* ViewController.swift in Sources */,
				B7A953B81C88AB6800B524F1 /* ConductoresViewController.swift in Sources */,
				B7A953821C87769C00B524F1 /* AppDelegate.swift in Sources */,
			);
			runOnlyForDeploymentPostprocessing = 0;
		};
		B7A9538E1C87769D00B524F1 /* Sources */ = {
			isa = PBXSourcesBuildPhase;
			buildActionMask = 2147483647;
			files = (
				B7A953971C87769D00B524F1 /* TrackerRouteTests.swift in Sources */,
			);
			runOnlyForDeploymentPostprocessing = 0;
		};
		B7A953991C87769D00B524F1 /* Sources */ = {
			isa = PBXSourcesBuildPhase;
			buildActionMask = 2147483647;
			files = (
				B7A953A21C87769D00B524F1 /* TrackerRouteUITests.swift in Sources */,
			);
			runOnlyForDeploymentPostprocessing = 0;
		};
/* End PBXSourcesBuildPhase section */

/* Begin PBXTargetDependency section */
		B7A953941C87769D00B524F1 /* PBXTargetDependency */ = {
			isa = PBXTargetDependency;
			target = B7A9537D1C87769C00B524F1 /* TrackerRoute */;
			targetProxy = B7A953931C87769D00B524F1 /* PBXContainerItemProxy */;
		};
		B7A9539F1C87769D00B524F1 /* PBXTargetDependency */ = {
			isa = PBXTargetDependency;
			target = B7A9537D1C87769C00B524F1 /* TrackerRoute */;
			targetProxy = B7A9539E1C87769D00B524F1 /* PBXContainerItemProxy */;
		};
/* End PBXTargetDependency section */

/* Begin PBXVariantGroup section */
		B7A953851C87769C00B524F1 /* Main.storyboard */ = {
			isa = PBXVariantGroup;
			children = (
				B7A953861C87769C00B524F1 /* Base */,
			);
			name = Main.storyboard;
			sourceTree = "<group>";
		};
		B7A9538A1C87769C00B524F1 /* LaunchScreen.storyboard */ = {
			isa = PBXVariantGroup;
			children = (
				B7A9538B1C87769C00B524F1 /* Base */,
			);
			name = LaunchScreen.storyboard;
			sourceTree = "<group>";
		};
/* End PBXVariantGroup section */

/* Begin XCBuildConfiguration section */
		B7A953A41C87769D00B524F1 /* Debug */ = {
			isa = XCBuildConfiguration;
			buildSettings = {
				ALWAYS_SEARCH_USER_PATHS = NO;
				CLANG_CXX_LANGUAGE_STANDARD = "gnu++0x";
				CLANG_CXX_LIBRARY = "libc++";
				CLANG_ENABLE_MODULES = YES;
				CLANG_ENABLE_OBJC_ARC = YES;
				CLANG_WARN_BOOL_CONVERSION = YES;
				CLANG_WARN_CONSTANT_CONVERSION = YES;
				CLANG_WARN_DIRECT_OBJC_ISA_USAGE = YES_ERROR;
				CLANG_WARN_EMPTY_BODY = YES;
				CLANG_WARN_ENUM_CONVERSION = YES;
				CLANG_WARN_INT_CONVERSION = YES;
				CLANG_WARN_OBJC_ROOT_CLASS = YES_ERROR;
				CLANG_WARN_UNREACHABLE_CODE = YES;
				CLANG_WARN__DUPLICATE_METHOD_MATCH = YES;
				"CODE_SIGN_IDENTITY[sdk=iphoneos*]" = "iPhone Developer";
				COPY_PHASE_STRIP = NO;
				DEBUG_INFORMATION_FORMAT = dwarf;
				ENABLE_STRICT_OBJC_MSGSEND = YES;
				ENABLE_TESTABILITY = YES;
				GCC_C_LANGUAGE_STANDARD = gnu99;
				GCC_DYNAMIC_NO_PIC = NO;
				GCC_NO_COMMON_BLOCKS = YES;
				GCC_OPTIMIZATION_LEVEL = 0;
				GCC_PREPROCESSOR_DEFINITIONS = (
					"DEBUG=1",
					"$(inherited)",
				);
				GCC_WARN_64_TO_32_BIT_CONVERSION = YES;
				GCC_WARN_ABOUT_RETURN_TYPE = YES_ERROR;
				GCC_WARN_UNDECLARED_SELECTOR = YES;
				GCC_WARN_UNINITIALIZED_AUTOS = YES_AGGRESSIVE;
				GCC_WARN_UNUSED_FUNCTION = YES;
				GCC_WARN_UNUSED_VARIABLE = YES;
				IPHONEOS_DEPLOYMENT_TARGET = 9.2;
				MTL_ENABLE_DEBUG_INFO = YES;
				ONLY_ACTIVE_ARCH = YES;
				SDKROOT = iphoneos;
				SWIFT_OPTIMIZATION_LEVEL = "-Onone";
			};
			name = Debug;
		};
		B7A953A51C87769D00B524F1 /* Release */ = {
			isa = XCBuildConfiguration;
			buildSettings = {
				ALWAYS_SEARCH_USER_PATHS = NO;
				CLANG_CXX_LANGUAGE_STANDARD = "gnu++0x";
				CLANG_CXX_LIBRARY = "libc++";
				CLANG_ENABLE_MODULES = YES;
				CLANG_ENABLE_OBJC_ARC = YES;
				CLANG_WARN_BOOL_CONVERSION = YES;
				CLANG_WARN_CONSTANT_CONVERSION = YES;
				CLANG_WARN_DIRECT_OBJC_ISA_USAGE = YES_ERROR;
				CLANG_WARN_EMPTY_BODY = YES;
				CLANG_WARN_ENUM_CONVERSION = YES;
				CLANG_WARN_INT_CONVERSION = YES;
				CLANG_WARN_OBJC_ROOT_CLASS = YES_ERROR;
				CLANG_WARN_UNREACHABLE_CODE = YES;
				CLANG_WARN__DUPLICATE_METHOD_MATCH = YES;
				"CODE_SIGN_IDENTITY[sdk=iphoneos*]" = "iPhone Developer";
				COPY_PHASE_STRIP = NO;
				DEBUG_INFORMATION_FORMAT = "dwarf-with-dsym";
				ENABLE_NS_ASSERTIONS = NO;
				ENABLE_STRICT_OBJC_MSGSEND = YES;
				GCC_C_LANGUAGE_STANDARD = gnu99;
				GCC_NO_COMMON_BLOCKS = YES;
				GCC_WARN_64_TO_32_BIT_CONVERSION = YES;
				GCC_WARN_ABOUT_RETURN_TYPE = YES_ERROR;
				GCC_WARN_UNDECLARED_SELECTOR = YES;
				GCC_WARN_UNINITIALIZED_AUTOS = YES_AGGRESSIVE;
				GCC_WARN_UNUSED_FUNCTION = YES;
				GCC_WARN_UNUSED_VARIABLE = YES;
				IPHONEOS_DEPLOYMENT_TARGET = 9.2;
				MTL_ENABLE_DEBUG_INFO = NO;
				SDKROOT = iphoneos;
				VALIDATE_PRODUCT = YES;
			};
			name = Release;
		};
		B7A953A71C87769D00B524F1 /* Debug */ = {
			isa = XCBuildConfiguration;
			buildSettings = {
				ASSETCATALOG_COMPILER_APPICON_NAME = AppIcon;
				CODE_SIGN_IDENTITY = "iPhone Developer";
				"CODE_SIGN_IDENTITY[sdk=iphoneos*]" = "iPhone Developer";
				INFOPLIST_FILE = TrackerRoute/Info.plist;
				LD_RUNPATH_SEARCH_PATHS = "$(inherited) @executable_path/Frameworks";
				PRODUCT_BUNDLE_IDENTIFIER = com.pedroalonso.TrackerRoute;
				PRODUCT_NAME = "$(TARGET_NAME)";
				PROVISIONING_PROFILE = "";
			};
			name = Debug;
		};
		B7A953A81C87769D00B524F1 /* Release */ = {
			isa = XCBuildConfiguration;
			buildSettings = {
				ASSETCATALOG_COMPILER_APPICON_NAME = AppIcon;
				CODE_SIGN_IDENTITY = "iPhone Developer";
				"CODE_SIGN_IDENTITY[sdk=iphoneos*]" = "iPhone Developer";
				INFOPLIST_FILE = TrackerRoute/Info.plist;
				LD_RUNPATH_SEARCH_PATHS = "$(inherited) @executable_path/Frameworks";
				PRODUCT_BUNDLE_IDENTIFIER = com.pedroalonso.TrackerRoute;
				PRODUCT_NAME = "$(TARGET_NAME)";
				PROVISIONING_PROFILE = "";
			};
			name = Release;
		};
		B7A953AA1C87769D00B524F1 /* Debug */ = {
			isa = XCBuildConfiguration;
			buildSettings = {
				BUNDLE_LOADER = "$(TEST_HOST)";
				INFOPLIST_FILE = TrackerRouteTests/Info.plist;
				LD_RUNPATH_SEARCH_PATHS = "$(inherited) @executable_path/Frameworks @loader_path/Frameworks";
				PRODUCT_BUNDLE_IDENTIFIER = com.pedroalonso.TrackerRouteTests;
				PRODUCT_NAME = "$(TARGET_NAME)";
				TEST_HOST = "$(BUILT_PRODUCTS_DIR)/TrackerRoute.app/TrackerRoute";
			};
			name = Debug;
		};
		B7A953AB1C87769D00B524F1 /* Release */ = {
			isa = XCBuildConfiguration;
			buildSettings = {
				BUNDLE_LOADER = "$(TEST_HOST)";
				INFOPLIST_FILE = TrackerRouteTests/Info.plist;
				LD_RUNPATH_SEARCH_PATHS = "$(inherited) @executable_path/Frameworks @loader_path/Frameworks";
				PRODUCT_BUNDLE_IDENTIFIER = com.pedroalonso.TrackerRouteTests;
				PRODUCT_NAME = "$(TARGET_NAME)";
				TEST_HOST = "$(BUILT_PRODUCTS_DIR)/TrackerRoute.app/TrackerRoute";
			};
			name = Release;
		};
		B7A953AD1C87769D00B524F1 /* Debug */ = {
			isa = XCBuildConfiguration;
			buildSettings = {
				INFOPLIST_FILE = TrackerRouteUITests/Info.plist;
				LD_RUNPATH_SEARCH_PATHS = "$(inherited) @executable_path/Frameworks @loader_path/Frameworks";
				PRODUCT_BUNDLE_IDENTIFIER = com.pedroalonso.TrackerRouteUITests;
				PRODUCT_NAME = "$(TARGET_NAME)";
				TEST_TARGET_NAME = TrackerRoute;
				USES_XCTRUNNER = YES;
			};
			name = Debug;
		};
		B7A953AE1C87769D00B524F1 /* Release */ = {
			isa = XCBuildConfiguration;
			buildSettings = {
				INFOPLIST_FILE = TrackerRouteUITests/Info.plist;
				LD_RUNPATH_SEARCH_PATHS = "$(inherited) @executable_path/Frameworks @loader_path/Frameworks";
				PRODUCT_BUNDLE_IDENTIFIER = com.pedroalonso.TrackerRouteUITests;
				PRODUCT_NAME = "$(TARGET_NAME)";
				TEST_TARGET_NAME = TrackerRoute;
				USES_XCTRUNNER = YES;
			};
			name = Release;
		};
/* End XCBuildConfiguration section */

/* Begin XCConfigurationList section */
		B7A953791C87769C00B524F1 /* Build configuration list for PBXProject "TrackerRoute" */ = {
			isa = XCConfigurationList;
			buildConfigurations = (
				B7A953A41C87769D00B524F1 /* Debug */,
				B7A953A51C87769D00B524F1 /* Release */,
			);
			defaultConfigurationIsVisible = 0;
			defaultConfigurationName = Release;
		};
		B7A953A61C87769D00B524F1 /* Build configuration list for PBXNativeTarget "TrackerRoute" */ = {
			isa = XCConfigurationList;
			buildConfigurations = (
				B7A953A71C87769D00B524F1 /* Debug */,
				B7A953A81C87769D00B524F1 /* Release */,
			);
			defaultConfigurationIsVisible = 0;
		};
		B7A953A91C87769D00B524F1 /* Build configuration list for PBXNativeTarget "TrackerRouteTests" */ = {
			isa = XCConfigurationList;
			buildConfigurations = (
				B7A953AA1C87769D00B524F1 /* Debug */,
				B7A953AB1C87769D00B524F1 /* Release */,
			);
			defaultConfigurationIsVisible = 0;
		};
		B7A953AC1C87769D00B524F1 /* Build configuration list for PBXNativeTarget "TrackerRouteUITests" */ = {
			isa = XCConfigurationList;
			buildConfigurations = (
				B7A953AD1C87769D00B524F1 /* Debug */,
				B7A953AE1C87769D00B524F1 /* Release */,
			);
			defaultConfigurationIsVisible = 0;
		};
/* End XCConfigurationList section */
	};
	rootObject = B7A953761C87769C00B524F1 /* Project object */;
}
